{
    "_readme": [
        "This file locks the dependencies of your project to a known state",
        "Read more about it at https://getcomposer.org/doc/01-basic-usage.md#installing-dependencies",
        "This file is @generated automatically"
    ],
    "content-hash": "92190bbdded2b08c5f3677302755ce03",
    "packages": [
        {
            "name": "blackjack200/simple-packet-handler",
            "version": "dev-master",
            "source": {
                "type": "git",
                "url": "https://github.com/Blackjack200/SimplePacketHandler.git",
                "reference": "fd5166af9f16f326362c79a88fdc497c60e58963"
            },
            "dist": {
                "type": "zip",
                "url": "https://api.github.com/repos/Blackjack200/SimplePacketHandler/zipball/fd5166af9f16f326362c79a88fdc497c60e58963",
                "reference": "fd5166af9f16f326362c79a88fdc497c60e58963",
                "shasum": ""
            },
            "default-branch": true,
            "type": "library",
            "extra": {
                "virion": {
                    "spec": "3.0",
                    "namespace-root": "muqsit\\simplepackethandler"
                }
            },
            "autoload": {
                "classmap": [
                    "src"
                ]
            },
            "notification-url": "https://packagist.org/downloads/",
            "license": [
                "GPL-3.0"
            ],
            "authors": [
                {
                    "name": "Muqsit",
                    "email": "hackhack05@gmail.com"
                }
            ],
            "description": "Handle specific data packets (virion for PMMP API 4.0.0)",
            "support": {
                "source": "https://github.com/Blackjack200/SimplePacketHandler/tree/master"
            },
            "time": "2023-06-04T05:29:13+00:00"
        }
    ],
    "packages-dev": [],
    "aliases": [],
    "minimum-stability": "stable",
    "stability-flags": {
        "blackjack200/simple-packet-handler": 20
    },
    "prefer-stable": false,
    "prefer-lowest": false,
    "platform": [],
    "platform-dev": [],
    "plugin-api-version": "2.3.0"
}
